
Microsoft Visual Studio Solution File, Format Version 12.00
# Visual Studio Version 16
VisualStudioVersion = 16.0.29709.97
MinimumVisualStudioVersion = 10.0.40219.1
Project("{F184B08F-C81C-45F6-A57F-5ABD9991F28F}") = "Email_Spam", "Email_Spam.vbproj", "{34AE8B9E-06A0-4352-A266-E92FD9A42360}"
EndProject
Global
	GlobalSection(SolutionConfigurationPlatforms) = preSolution
		Debug|Any CPU = Debug|Any CPU
		Release|Any CPU = Release|Any CPU
	EndGlobalSection
	GlobalSection(ProjectConfigurationPlatforms) = postSolution
		{34AE8B9E-06A0-4352-A266-E92FD9A42360}.Debug|Any CPU.ActiveCfg = Debug|Any CPU
		{34AE8B9E-06A0-4352-A266-E92FD9A42360}.Debug|Any CPU.Build.0 = Debug|Any CPU
		{34AE8B9E-06A0-4352-A266-E92FD9A42360}.Release|Any CPU.ActiveCfg = Release|Any CPU
		{34AE8B9E-06A0-4352-A266-E92FD9A42360}.Release|Any CPU.Build.0 = Release|Any CPU
	EndGlobalSection
	GlobalSection(SolutionProperties) = preSolution
		HideSolutionNode = FALSE
	EndGlobalSection
	GlobalSection(ExtensibilityGlobals) = postSolution
		SolutionGuid = {5B4D68B7-2684-4786-BED7-9F79EDA3F6BC}
	EndGlobalSection
EndGlobal
